
Microsoft Visual Studio Solution File, Format Version 12.00
# Visual Studio Version 16
VisualStudioVersion = 16.0.31313.79
MinimumVisualStudioVersion = 10.0.40219.1
Project("{9A19103F-16F7-4668-BE54-9A1E7A4F7556}") = "MyShop", "MyShop\MyShop.csproj", "{F6DB8AFA-5889-4A89-B24B-6242E256C5E8}"
EndProject
Project("{FAE04EC0-301F-11D3-BF4B-00C04F79EFBC}") = "Data", "Data\Data.csproj", "{F6C8B32D-2EFE-4485-B39B-13865E2AB0E3}"
EndProject
Global
	GlobalSection(SolutionConfigurationPlatforms) = preSolution
		Debug|Any CPU = Debug|Any CPU
		Release|Any CPU = Release|Any CPU
	EndGlobalSection
	GlobalSection(ProjectConfigurationPlatforms) = postSolution
		{F6DB8AFA-5889-4A89-B24B-6242E256C5E8}.Debug|Any CPU.ActiveCfg = Debug|Any CPU
		{F6DB8AFA-5889-4A89-B24B-6242E256C5E8}.Debug|Any CPU.Build.0 = Debug|Any CPU
		{F6DB8AFA-5889-4A89-B24B-6242E256C5E8}.Release|Any CPU.ActiveCfg = Release|Any CPU
		{F6DB8AFA-5889-4A89-B24B-6242E256C5E8}.Release|Any CPU.Build.0 = Release|Any CPU
		{F6C8B32D-2EFE-4485-B39B-13865E2AB0E3}.Debug|Any CPU.ActiveCfg = Debug|Any CPU
		{F6C8B32D-2EFE-4485-B39B-13865E2AB0E3}.Debug|Any CPU.Build.0 = Debug|Any CPU
		{F6C8B32D-2EFE-4485-B39B-13865E2AB0E3}.Release|Any CPU.ActiveCfg = Release|Any CPU
		{F6C8B32D-2EFE-4485-B39B-13865E2AB0E3}.Release|Any CPU.Build.0 = Release|Any CPU
	EndGlobalSection
	GlobalSection(SolutionProperties) = preSolution
		HideSolutionNode = FALSE
	EndGlobalSection
	GlobalSection(ExtensibilityGlobals) = postSolution
		SolutionGuid = {978F56E0-D3C5-4416-B08D-4477D833C9B5}
	EndGlobalSection
EndGlobal
